{
  "schemaVersion": 1,
  "version": "test",
  "tools": {
    "goose": {
      "version": "v3.27.1",
      "source": "github.com/pressly/goose",
      "download": {
        "urlTemplate": "https://github.com/pressly/goose/releases/download/{{version}}/goose_{{os}}_{{arch_x86_64}}",
        "archive": "binary",
        "binaryName": "goose",
        "sha256": {
          "darwin/amd64": "24f3b4dc3c792a7afba348de12245af8b4199cfd0ac6a673f7ab483b2ad48f08",
          "darwin/arm64": "d7867b7a9d1117024b17afdb043c573909e595d2c29dcee13bd96c341eb98ff2",
          "linux/amd64": "c5f1e5cd3b8e5da05592c2714b079d78ec846ddc7ec1f70d474c0449e79f6ab4",
          "linux/arm64": "638af56b2ed33ff33cc3f30447f447b1c8e5894c6252fbda1e459adec94ba0fe"
        }
      },
      "versionCheck": {
        "args": ["--version"]
      }
    },
    "narsilc": {
      "version": "v0.4.3",
      "download": {
        "urlTemplate": "https://github.com/mbvlabs/narsilc/releases/download/{{version}}/narsilc_{{version_no_v}}_{{os}}_{{arch}}.tar.gz",
        "archive": "tar.gz",
        "binaryName": "narsilc",
        "sha256": {
          "darwin/amd64": "ee44c2e929811bb206bfa6fa2d185df9a899013c75da08dc487572b79cb0dd17",
          "darwin/arm64": "052ea301dd8aaacc095f60c132ffce1997917261cdc100700526fed32ca181d4",
          "linux/amd64": "78696b25b7b8895c0776e462a38f051a784511bd5b5f04872cea565500daaec8",
          "linux/arm64": "101a35274a25edeb1b4994a56d628f0a2b123cc2c5cbe7554705a59a1b60c16d"
        }
      },
      "versionCheck": {
        "args": ["version"]
      }
    },
    "tailwindcli": {
      "version": "v4.3.2",
      "download": {
        "urlTemplate": "https://github.com/tailwindlabs/tailwindcss/releases/download/{{version}}/tailwindcss-{{os_tailwind}}-{{arch_tailwind}}",
        "archive": "binary",
        "binaryName": "tailwindcli",
        "sha256": {
          "darwin/amd64": "cef8f110471e889c3c4409055cf8aff33076f58a081867b0dfc6534b290bfbb0",
          "darwin/arm64": "b800b0659dc64b9f03ede5660244d9415d777d5739ae2889280877ca37be742a",
          "linux/amd64": "5036c4fb4328e0bcdbb6065c70d8ac9452e0d4c947113a788a8f94fd390425c1",
          "linux/arm64": "394ddccc2402cfa3abd97dfba56f3587781a3d6e6ce66e65ceada14beb7664b8"
        }
      },
      "versionCheck": {
        "args": ["--version"]
      }
    },
    "templ": {
      "version": "v0.3.1020",
      "source": "github.com/a-h/templ",
      "download": {
        "urlTemplate": "https://github.com/a-h/templ/releases/download/{{version}}/templ_{{os_capitalized}}_{{arch_x86_64}}.tar.gz",
        "archive": "tar.gz",
        "binaryName": "templ",
        "sha256": {
          "darwin/amd64": "f1522f2558081335584fd4fb67d329d02a9ae6e83dd88b14cae1ad84c770e5c0",
          "darwin/arm64": "f391943e3e49ece301f90c2283c7f9e629081f18b0b3ab6b48cb4b87ad94b206",
          "linux/amd64": "d1e726e8e78a6cf7e1e72ce3746f30fd94ec0eba10be1abab02208a41efc9aa5",
          "linux/arm64": "8d38728fa82c0ee568d2ae1ce0720963402d384dd59d4c76bcdbb38d581c815c"
        }
      },
      "versionCheck": {
        "args": ["--version"]
      }
    }
  },
  "scaffoldConfig": {
    "projectName": "app",
    "inertia": "vue"
  },
  "databaseConfig": {
    "engine": "postgresql",
    "nullType": "pgtype.Null"
  }
}
